# This file is automatically @generated by Cargo.
# It is not intended for manual editing.
version = 3

[[package]]
name = "aho-corasick"
version = "0.7.15"
source = "registry+https://github.com/rust-lang/crates.io-index"
checksum = "7404febffaa47dac81aa44dba71523c9d069b1bdc50a77db41195149e17f68e5"
dependencies = [
 "memchr",
]

[[package]]
name = "annotate-snippets"
version = "0.8.0"
source = "registry+https://github.com/rust-lang/crates.io-index"
checksum = "d78ea013094e5ea606b1c05fe35f1dd7ea1eb1ea259908d040b25bd5ec677ee5"

[[package]]
name = "ansi_term"
version = "0.12.1"
source = "registry+https://github.com/rust-lang/crates.io-index"
checksum = "d52a9bb7ec0cf484c551830a7ce27bd20d67eac647e1befb56b0be4ee39a55d2"
dependencies = [
 "winapi",
]

[[package]]
name = "anyhow"
version = "1.0.38"
source = "registry+https://github.com/rust-lang/crates.io-index"
checksum = "afddf7f520a80dbf76e6f50a35bca42a2331ef227a28b3b6dc5c2e2338d114b1"

[[package]]
name = "ar"
version = "0.8.0"
source = "git+https://github.com/bjorn3/rust-ar.git?branch=do_not_remove_cg_clif_ranlib#de9ab0e56bf3a208381d342aa5b60f9ff2891648"

[[package]]
name = "arrayvec"
version = "0.5.2"
source = "registry+https://github.com/rust-lang/crates.io-index"
checksum = "23b62fc65de8e4e7f52534fb52b0f3ed04746ae267519eef2a83941e8085068b"

[[package]]
name = "atty"
version = "0.2.14"
source = "registry+https://github.com/rust-lang/crates.io-index"
checksum = "d9b39be18770d11421cdb1b9947a45dd3f37e93092cbf377614828a319d5fee8"
dependencies = [
 "hermit-abi",
 "libc",
 "winapi",
]

[[package]]
name = "autocfg"
version = "1.0.1"
source = "registry+https://github.com/rust-lang/crates.io-index"
checksum = "cdb031dd78e28731d87d56cc8ffef4a8f36ca26c38fe2de700543e627f8a464a"

[[package]]
name = "bitflags"
version = "1.2.1"
source = "registry+https://github.com/rust-lang/crates.io-index"
checksum = "cf1de2fe8c75bc145a2f577add951f8134889b4795d47466a54a5c846d691693"

[[package]]
name = "block-buffer"
version = "0.9.0"
source = "registry+https://github.com/rust-lang/crates.io-index"
checksum = "4152116fd6e9dadb291ae18fc1ec3575ed6d84c29642d97890f4b4a3417297e4"
dependencies = [
 "generic-array",
]

[[package]]
name = "byteorder"
version = "1.4.2"
source = "registry+https://github.com/rust-lang/crates.io-index"
checksum = "ae44d1a3d5a19df61dd0c8beb138458ac2a53a7ac09eba97d55592540004306b"

[[package]]
name = "cc"
version = "1.0.67"
source = "registry+https://github.com/rust-lang/crates.io-index"
checksum = "e3c69b077ad434294d3ce9f1f6143a2a4b89a8a2d54ef813d85003a4fd1137fd"

[[package]]
name = "cfg-if"
version = "0.1.10"
source = "registry+https://github.com/rust-lang/crates.io-index"
checksum = "4785bdd1c96b2a846b2bd7cc02e86b6b3dbf14e7e53446c4f54c92a361040822"

[[package]]
name = "cfg-if"
version = "1.0.0"
source = "registry+https://github.com/rust-lang/crates.io-index"
checksum = "baf1de4339761588bc0619e3cbc0120ee582ebb74b53b4efbf79117bd2da40fd"

[[package]]
name = "chalk-derive"
version = "0.55.0"
source = "registry+https://github.com/rust-lang/crates.io-index"
checksum = "3983193cacd81f0f924acb666b7fe5e1a0d81db9f113fa69203eda7ea8ce8b6c"
dependencies = [
 "proc-macro2",
 "quote",
 "syn",
 "synstructure",
]

[[package]]
name = "chalk-engine"
version = "0.55.0"
source = "registry+https://github.com/rust-lang/crates.io-index"
checksum = "05a171ce5abbf0fbd06f221ab80ab182c7ef78603d23b858bc44e7ce8a86a396"
dependencies = [
 "chalk-derive",
 "chalk-ir",
 "chalk-solve",
 "rustc-hash",
 "tracing",
]

[[package]]
name = "chalk-ir"
version = "0.55.0"
source = "registry+https://github.com/rust-lang/crates.io-index"
checksum = "a522f53af971e7678f472d687e053120157b3ae26e2ebd5ecbc0f5ab124f2cb6"
dependencies = [
 "bitflags",
 "chalk-derive",
 "lazy_static",
]

[[package]]
name = "chalk-solve"
version = "0.55.0"
source = "registry+https://github.com/rust-lang/crates.io-index"
checksum = "cdf79fb77a567e456a170f7ec84ea6584163d4ba3f13660cd182013d34ca667c"
dependencies = [
 "chalk-derive",
 "chalk-ir",
 "ena",
 "itertools",
 "petgraph",
 "rustc-hash",
 "tracing",
 "tracing-subscriber",
 "tracing-tree",
]

[[package]]
name = "chrono"
version = "0.4.19"
source = "registry+https://github.com/rust-lang/crates.io-index"
checksum = "670ad68c9088c2a963aaa298cb369688cf3f9465ce5e2d4ca10e6e0098a1ce73"
dependencies = [
 "libc",
 "num-integer",
 "num-traits",
 "winapi",
]

[[package]]
name = "cpuid-bool"
version = "0.1.2"
source = "registry+https://github.com/rust-lang/crates.io-index"
checksum = "8aebca1129a03dc6dc2b127edd729435bbc4a37e1d5f4d7513165089ceb02634"

[[package]]
name = "cranelift-bforest"
version = "0.72.0"
source = "git+https://github.com/bytecodealliance/wasmtime/?branch=main#8e43e96410a14143d368273cf1e708f8094bb8e0"
dependencies = [
 "cranelift-entity",
]

[[package]]
name = "cranelift-codegen"
version = "0.72.0"
source = "git+https://github.com/bytecodealliance/wasmtime/?branch=main#8e43e96410a14143d368273cf1e708f8094bb8e0"
dependencies = [
 "byteorder",
 "cranelift-bforest",
 "cranelift-codegen-meta",
 "cranelift-codegen-shared",
 "cranelift-entity",
 "gimli",
 "log",
 "regalloc",
 "smallvec",
 "target-lexicon",
 "thiserror",
]

[[package]]
name = "cranelift-codegen-meta"
version = "0.72.0"
source = "git+https://github.com/bytecodealliance/wasmtime/?branch=main#8e43e96410a14143d368273cf1e708f8094bb8e0"
dependencies = [
 "cranelift-codegen-shared",
 "cranelift-entity",
]

[[package]]
name = "cranelift-codegen-shared"
version = "0.72.0"
source = "git+https://github.com/bytecodealliance/wasmtime/?branch=main#8e43e96410a14143d368273cf1e708f8094bb8e0"

[[package]]
name = "cranelift-entity"
version = "0.72.0"
source = "git+https://github.com/bytecodealliance/wasmtime/?branch=main#8e43e96410a14143d368273cf1e708f8094bb8e0"

[[package]]
name = "cranelift-frontend"
version = "0.72.0"
source = "git+https://github.com/bytecodealliance/wasmtime/?branch=main#8e43e96410a14143d368273cf1e708f8094bb8e0"
dependencies = [
 "cranelift-codegen",
 "log",
 "smallvec",
 "target-lexicon",
]

[[package]]
name = "cranelift-jit"
version = "0.72.0"
source = "git+https://github.com/bytecodealliance/wasmtime/?branch=main#8e43e96410a14143d368273cf1e708f8094bb8e0"
dependencies = [
 "anyhow",
 "cranelift-codegen",
 "cranelift-entity",
 "cranelift-module",
 "cranelift-native",
 "errno",
 "libc",
 "log",
 "region",
 "target-lexicon",
 "winapi",
]

[[package]]
name = "cranelift-module"
version = "0.72.0"
source = "git+https://github.com/bytecodealliance/wasmtime/?branch=main#8e43e96410a14143d368273cf1e708f8094bb8e0"
dependencies = [
 "anyhow",
 "cranelift-codegen",
 "cranelift-entity",
 "log",
 "thiserror",
]

[[package]]
name = "cranelift-native"
version = "0.72.0"
source = "git+https://github.com/bytecodealliance/wasmtime/?branch=main#8e43e96410a14143d368273cf1e708f8094bb8e0"
dependencies = [
 "cranelift-codegen",
 "target-lexicon",
]

[[package]]
name = "cranelift-object"
version = "0.72.0"
source = "git+https://github.com/bytecodealliance/wasmtime/?branch=main#8e43e96410a14143d368273cf1e708f8094bb8e0"
dependencies = [
 "anyhow",
 "cranelift-codegen",
 "cranelift-module",
 "log",
 "object",
 "target-lexicon",
]

[[package]]
name = "crc32fast"
version = "1.2.1"
source = "registry+https://github.com/rust-lang/crates.io-index"
checksum = "81156fece84ab6a9f2afdb109ce3ae577e42b1228441eded99bd77f627953b1a"
dependencies = [
 "cfg-if 1.0.0",
]

[[package]]
name = "crossbeam-deque"
version = "0.7.3"
source = "registry+https://github.com/rust-lang/crates.io-index"
checksum = "9f02af974daeee82218205558e51ec8768b48cf524bd01d550abe5573a608285"
dependencies = [
 "crossbeam-epoch",
 "crossbeam-utils",
 "maybe-uninit",
]

[[package]]
name = "crossbeam-epoch"
version = "0.8.2"
source = "registry+https://github.com/rust-lang/crates.io-index"
checksum = "058ed274caafc1f60c4997b5fc07bf7dc7cca454af7c6e81edffe5f33f70dace"
dependencies = [
 "autocfg",
 "cfg-if 0.1.10",
 "crossbeam-utils",
 "lazy_static",
 "maybe-uninit",
 "memoffset",
 "scopeguard",
]

[[package]]
name = "crossbeam-queue"
version = "0.2.3"
source = "registry+https://github.com/rust-lang/crates.io-index"
checksum = "774ba60a54c213d409d5353bda12d49cd68d14e45036a285234c8d6f91f92570"
dependencies = [
 "cfg-if 0.1.10",
 "crossbeam-utils",
 "maybe-uninit",
]

[[package]]
name = "crossbeam-utils"
version = "0.7.2"
source = "registry+https://github.com/rust-lang/crates.io-index"
checksum = "c3c7c73a2d1e9fc0886a08b93e98eb643461230d5f1925e4036204d5f2e261a8"
dependencies = [
 "autocfg",
 "cfg-if 0.1.10",
 "lazy_static",
]

[[package]]
name = "datafrog"
version = "2.0.1"
source = "registry+https://github.com/rust-lang/crates.io-index"
checksum = "a0afaad2b26fa326569eb264b1363e8ae3357618c43982b3f285f0774ce76b69"

[[package]]
name = "digest"
version = "0.9.0"
source = "registry+https://github.com/rust-lang/crates.io-index"
checksum = "d3dd60d1080a57a05ab032377049e0591415d2b31afd7028356dbf3cc6dcb066"
dependencies = [
 "generic-array",
]

[[package]]
name = "either"
version = "1.6.1"
source = "registry+https://github.com/rust-lang/crates.io-index"
checksum = "e78d4f1cc4ae33bbfc157ed5d5a5ef3bc29227303d595861deb238fcec4e9457"

[[package]]
name = "ena"
version = "0.14.0"
source = "registry+https://github.com/rust-lang/crates.io-index"
checksum = "d7402b94a93c24e742487327a7cd839dc9d36fec9de9fb25b09f2dae459f36c3"
dependencies = [
 "log",
]

[[package]]
name = "errno"
version = "0.2.7"
source = "registry+https://github.com/rust-lang/crates.io-index"
checksum = "fa68f2fb9cae9d37c9b2b3584aba698a2e97f72d7aef7b9f7aa71d8b54ce46fe"
dependencies = [
 "errno-dragonfly",
 "libc",
 "winapi",
]

[[package]]
name = "errno-dragonfly"
version = "0.1.1"
source = "registry+https://github.com/rust-lang/crates.io-index"
checksum = "14ca354e36190500e1e1fb267c647932382b54053c50b14970856c0b00a35067"
dependencies = [
 "gcc",
 "libc",
]

[[package]]
name = "fixedbitset"
version = "0.2.0"
source = "registry+https://github.com/rust-lang/crates.io-index"
checksum = "37ab347416e802de484e4d03c7316c48f1ecb56574dfd4a46a80f173ce1de04d"

[[package]]
name = "gcc"
version = "0.3.55"
source = "registry+https://github.com/rust-lang/crates.io-index"
checksum = "8f5f3913fa0bfe7ee1fd8248b6b9f42a5af4b9d65ec2dd2c3c26132b950ecfc2"

[[package]]
name = "generic-array"
version = "0.14.4"
source = "registry+https://github.com/rust-lang/crates.io-index"
checksum = "501466ecc8a30d1d3b7fc9229b122b2ce8ed6e9d9223f1138d4babb253e51817"
dependencies = [
 "typenum",
 "version_check",
]

[[package]]
name = "getopts"
version = "0.2.21"
source = "registry+https://github.com/rust-lang/crates.io-index"
checksum = "14dbbfd5c71d70241ecf9e6f13737f7b5ce823821063188d7e46c41d371eebd5"
dependencies = [
 "unicode-width",
]

[[package]]
name = "getrandom"
version = "0.1.16"
source = "registry+https://github.com/rust-lang/crates.io-index"
checksum = "8fc3cb4d91f53b50155bdcfd23f6a4c39ae1969c2ae85982b135750cccaf5fce"
dependencies = [
 "cfg-if 1.0.0",
 "libc",
 "wasi",
]

[[package]]
name = "gimli"
version = "0.23.0"
source = "registry+https://github.com/rust-lang/crates.io-index"
checksum = "f6503fe142514ca4799d4c26297c4248239fe8838d827db6bd6065c6ed29a6ce"
dependencies = [
 "indexmap",
]

[[package]]
name = "gsgdt"
version = "0.1.2"
source = "registry+https://github.com/rust-lang/crates.io-index"
checksum = "a0d876ce7262df96262a2a19531da6ff9a86048224d49580a585fc5c04617825"
dependencies = [
 "serde",
]

[[package]]
name = "hashbrown"
version = "0.9.1"
source = "registry+https://github.com/rust-lang/crates.io-index"
checksum = "d7afe4a420e3fe79967a00898cc1f4db7c8a49a9333a29f8a4bd76a253d5cd04"

[[package]]
name = "hermit-abi"
version = "0.1.18"
source = "registry+https://github.com/rust-lang/crates.io-index"
checksum = "322f4de77956e22ed0e5032c359a0f1273f1f7f0d79bfa3b8ffbc730d7fbcc5c"
dependencies = [
 "libc",
]

[[package]]
name = "indexmap"
version = "1.6.1"
source = "registry+https://github.com/rust-lang/crates.io-index"
checksum = "4fb1fa934250de4de8aef298d81c729a7d33d8c239daa3a7575e6b92bfc7313b"
dependencies = [
 "autocfg",
 "hashbrown",
]

[[package]]
name = "instant"
version = "0.1.9"
source = "registry+https://github.com/rust-lang/crates.io-index"
checksum = "61124eeebbd69b8190558df225adf7e4caafce0d743919e5d6b19652314ec5ec"
dependencies = [
 "cfg-if 1.0.0",
]

[[package]]
name = "itertools"
version = "0.9.0"
source = "registry+https://github.com/rust-lang/crates.io-index"
checksum = "284f18f85651fe11e8a991b2adb42cb078325c996ed026d994719efcfca1d54b"
dependencies = [
 "either",
]

[[package]]
name = "itoa"
version = "0.4.7"
source = "registry+https://github.com/rust-lang/crates.io-index"
checksum = "dd25036021b0de88a0aff6b850051563c6516d0bf53f8638938edbb9de732736"

[[package]]
name = "jobserver"
version = "0.1.21"
source = "registry+https://github.com/rust-lang/crates.io-index"
checksum = "5c71313ebb9439f74b00d9d2dcec36440beaf57a6aa0623068441dd7cd81a7f2"
dependencies = [
 "libc",
]

[[package]]
name = "lazy_static"
version = "1.4.0"
source = "registry+https://github.com/rust-lang/crates.io-index"
checksum = "e2abad23fbc42b3700f2f279844dc832adb2b2eb069b2df918f455c4e18cc646"

[[package]]
name = "libc"
version = "0.2.86"
source = "registry+https://github.com/rust-lang/crates.io-index"
checksum = "b7282d924be3275cec7f6756ff4121987bc6481325397dde6ba3e7802b1a8b1c"

[[package]]
name = "libloading"
version = "0.6.7"
source = "registry+https://github.com/rust-lang/crates.io-index"
checksum = "351a32417a12d5f7e82c368a66781e307834dae04c6ce0cd4456d52989229883"
dependencies = [
 "cfg-if 1.0.0",
 "winapi",
]

[[package]]
name = "lock_api"
version = "0.4.3"
source = "registry+https://github.com/rust-lang/crates.io-index"
checksum = "5a3c91c24eae6777794bb1997ad98bbb87daf92890acab859f7eaa4320333176"
dependencies = [
 "scopeguard",
]

[[package]]
name = "log"
version = "0.4.14"
source = "registry+https://github.com/rust-lang/crates.io-index"
checksum = "51b9bbe6c47d51fc3e1a9b945965946b4c44142ab8792c50835a980d362c2710"
dependencies = [
 "cfg-if 1.0.0",
]

[[package]]
name = "mach"
version = "0.3.2"
source = "registry+https://github.com/rust-lang/crates.io-index"
checksum = "b823e83b2affd8f40a9ee8c29dbc56404c1e34cd2710921f2801e2cf29527afa"
dependencies = [
 "libc",
]

[[package]]
name = "matchers"
version = "0.0.1"
source = "registry+https://github.com/rust-lang/crates.io-index"
checksum = "f099785f7595cc4b4553a174ce30dd7589ef93391ff414dbb67f62392b9e0ce1"
dependencies = [
 "regex-automata",
]

[[package]]
name = "maybe-uninit"
version = "2.0.0"
source = "registry+https://github.com/rust-lang/crates.io-index"
checksum = "60302e4db3a61da70c0cb7991976248362f30319e88850c487b9b95bbf059e00"

[[package]]
name = "md-5"
version = "0.9.1"
source = "registry+https://github.com/rust-lang/crates.io-index"
checksum = "7b5a279bb9607f9f53c22d496eade00d138d1bdcccd07d74650387cf94942a15"
dependencies = [
 "block-buffer",
 "digest",
 "opaque-debug",
]

[[package]]
name = "measureme"
version = "9.1.0"
source = "registry+https://github.com/rust-lang/crates.io-index"
checksum = "4a98e07fe802486895addb2b5467f33f205e82c426bfaf350f5d8109b137767c"
dependencies = [
 "log",
 "memmap",
 "parking_lot",
 "perf-event-open-sys",
 "rustc-hash",
 "smallvec",
]

[[package]]
name = "memchr"
version = "2.3.4"
source = "registry+https://github.com/rust-lang/crates.io-index"
checksum = "0ee1c47aaa256ecabcaea351eae4a9b01ef39ed810004e298d2511ed284b1525"

[[package]]
name = "memmap"
version = "0.7.0"
source = "registry+https://github.com/rust-lang/crates.io-index"
checksum = "6585fd95e7bb50d6cc31e20d4cf9afb4e2ba16c5846fc76793f11218da9c475b"
dependencies = [
 "libc",
 "winapi",
]

[[package]]
name = "memmap2"
version = "0.2.2"
source = "registry+https://github.com/rust-lang/crates.io-index"
checksum = "397d1a6d6d0563c0f5462bbdae662cf6c784edf5e828e40c7257f85d82bf56dd"
dependencies = [
 "libc",
]

[[package]]
name = "memoffset"
version = "0.5.6"
source = "registry+https://github.com/rust-lang/crates.io-index"
checksum = "043175f069eda7b85febe4a74abbaeff828d9f8b448515d3151a14a3542811aa"
dependencies = [
 "autocfg",
]

[[package]]
name = "num-integer"
version = "0.1.44"
source = "registry+https://github.com/rust-lang/crates.io-index"
checksum = "d2cc698a63b549a70bc047073d2949cce27cd1c7b0a4a862d08a8031bc2801db"
dependencies = [
 "autocfg",
 "num-traits",
]

[[package]]
name = "num-traits"
version = "0.2.14"
source = "registry+https://github.com/rust-lang/crates.io-index"
checksum = "9a64b1ec5cda2586e284722486d802acf1f7dbdc623e2bfc57e65ca1cd099290"
dependencies = [
 "autocfg",
]

[[package]]
name = "num_cpus"
version = "1.13.0"
source = "registry+https://github.com/rust-lang/crates.io-index"
checksum = "05499f3756671c15885fee9034446956fff3f243d6077b91e5767df161f766b3"
dependencies = [
 "hermit-abi",
 "libc",
]

[[package]]
name = "object"
version = "0.23.0"
source = "registry+https://github.com/rust-lang/crates.io-index"
checksum = "a9a7ab5d64814df0fe4a4b5ead45ed6c5f181ee3ff04ba344313a6c80446c5d4"
dependencies = [
 "crc32fast",
 "indexmap",
]

[[package]]
name = "once_cell"
version = "1.7.2"
source = "registry+https://github.com/rust-lang/crates.io-index"
checksum = "af8b08b04175473088b46763e51ee54da5f9a164bc162f615b91bc179dbf15a3"

[[package]]
name = "opaque-debug"
version = "0.3.0"
source = "registry+https://github.com/rust-lang/crates.io-index"
checksum = "624a8340c38c1b80fd549087862da4ba43e08858af025b236e509b6649fc13d5"

[[package]]
name = "parking_lot"
version = "0.11.1"
source = "registry+https://github.com/rust-lang/crates.io-index"
checksum = "6d7744ac029df22dca6284efe4e898991d28e3085c706c972bcd7da4a27a15eb"
dependencies = [
 "instant",
 "lock_api",
 "parking_lot_core",
]

[[package]]
name = "parking_lot_core"
version = "0.8.3"
source = "registry+https://github.com/rust-lang/crates.io-index"
checksum = "fa7a782938e745763fe6907fc6ba86946d72f49fe7e21de074e08128a99fb018"
dependencies = [
 "cfg-if 1.0.0",
 "instant",
 "libc",
 "redox_syscall 0.2.5",
 "smallvec",
 "winapi",
]

[[package]]
name = "pathdiff"
version = "0.2.0"
source = "registry+https://github.com/rust-lang/crates.io-index"
checksum = "877630b3de15c0b64cc52f659345724fbf6bdad9bd9566699fc53688f3c34a34"

[[package]]
name = "perf-event-open-sys"
version = "1.0.1"
source = "registry+https://github.com/rust-lang/crates.io-index"
checksum = "ce9bedf5da2c234fdf2391ede2b90fabf585355f33100689bc364a3ea558561a"
dependencies = [
 "libc",
]

[[package]]
name = "petgraph"
version = "0.5.1"
source = "registry+https://github.com/rust-lang/crates.io-index"
checksum = "467d164a6de56270bd7c4d070df81d07beace25012d5103ced4e9ff08d6afdb7"
dependencies = [
 "fixedbitset",
 "indexmap",
]

[[package]]
name = "pin-project-lite"
version = "0.2.6"
source = "registry+https://github.com/rust-lang/crates.io-index"
checksum = "dc0e1f259c92177c30a4c9d177246edd0a3568b25756a977d0632cf8fa37e905"

[[package]]
name = "polonius-engine"
version = "0.12.1"
source = "registry+https://github.com/rust-lang/crates.io-index"
checksum = "ef2558a4b464e185b36ee08a2937ebb62ea5464c38856cfb1465c97cb38db52d"
dependencies = [
 "datafrog",
 "log",
 "rustc-hash",
]

[[package]]
name = "ppv-lite86"
version = "0.2.10"
source = "registry+https://github.com/rust-lang/crates.io-index"
checksum = "ac74c624d6b2d21f425f752262f42188365d7b8ff1aff74c82e45136510a4857"

[[package]]
name = "proc-macro2"
version = "1.0.24"
source = "registry+https://github.com/rust-lang/crates.io-index"
checksum = "1e0704ee1a7e00d7bb417d0770ea303c1bccbabf0ef1667dae92b5967f5f8a71"
dependencies = [
 "unicode-xid",
]

[[package]]
name = "psm"
version = "0.1.12"
source = "registry+https://github.com/rust-lang/crates.io-index"
checksum = "3abf49e5417290756acfd26501536358560c4a5cc4a0934d390939acb3e7083a"
dependencies = [
 "cc",
]

[[package]]
name = "punycode"
version = "0.4.1"
source = "registry+https://github.com/rust-lang/crates.io-index"
checksum = "e9e1dcb320d6839f6edb64f7a4a59d39b30480d4d1765b56873f7c858538a5fe"

[[package]]
name = "quote"
version = "1.0.9"
source = "registry+https://github.com/rust-lang/crates.io-index"
checksum = "c3d0b9745dc2debf507c8422de05d7226cc1f0644216dfdfead988f9b1ab32a7"
dependencies = [
 "proc-macro2",
]

[[package]]
name = "rand"
version = "0.7.3"
source = "registry+https://github.com/rust-lang/crates.io-index"
checksum = "6a6b1679d49b24bbfe0c803429aa1874472f50d9b363131f0e89fc356b544d03"
dependencies = [
 "getrandom",
 "libc",
 "rand_chacha",
 "rand_core",
 "rand_hc",
]

[[package]]
name = "rand_chacha"
version = "0.2.2"
source = "registry+https://github.com/rust-lang/crates.io-index"
checksum = "f4c8ed856279c9737206bf725bf36935d8666ead7aa69b52be55af369d193402"
dependencies = [
 "ppv-lite86",
 "rand_core",
]

[[package]]
name = "rand_core"
version = "0.5.1"
source = "registry+https://github.com/rust-lang/crates.io-index"
checksum = "90bde5296fc891b0cef12a6d03ddccc162ce7b2aff54160af9338f8d40df6d19"
dependencies = [
 "getrandom",
]

[[package]]
name = "rand_hc"
version = "0.2.0"
source = "registry+https://github.com/rust-lang/crates.io-index"
checksum = "ca3129af7b92a17112d59ad498c6f81eaf463253766b90396d39ea7a39d6613c"
dependencies = [
 "rand_core",
]

[[package]]
name = "redox_syscall"
version = "0.1.57"
source = "registry+https://github.com/rust-lang/crates.io-index"
checksum = "41cc0f7e4d5d4544e8861606a285bb08d3e70712ccc7d2b84d7c0ccfaf4b05ce"

[[package]]
name = "redox_syscall"
version = "0.2.5"
source = "registry+https://github.com/rust-lang/crates.io-index"
checksum = "94341e4e44e24f6b591b59e47a8a027df12e008d73fd5672dbea9cc22f4507d9"
dependencies = [
 "bitflags",
]

[[package]]
name = "regalloc"
version = "0.0.31"
source = "registry+https://github.com/rust-lang/crates.io-index"
checksum = "571f7f397d61c4755285cd37853fe8e03271c243424a907415909379659381c5"
dependencies = [
 "log",
 "rustc-hash",
 "smallvec",
]

[[package]]
name = "regex"
version = "1.4.5"
source = "registry+https://github.com/rust-lang/crates.io-index"
checksum = "957056ecddbeba1b26965114e191d2e8589ce74db242b6ea25fc4062427a5c19"
dependencies = [
 "aho-corasick",
 "memchr",
 "regex-syntax",
]

[[package]]
name = "regex-automata"
version = "0.1.9"
source = "registry+https://github.com/rust-lang/crates.io-index"
checksum = "ae1ded71d66a4a97f5e961fd0cb25a5f366a42a41570d16a763a69c092c26ae4"
dependencies = [
 "byteorder",
 "regex-syntax",
]

[[package]]
name = "regex-syntax"
version = "0.6.23"
source = "registry+https://github.com/rust-lang/crates.io-index"
checksum = "24d5f089152e60f62d28b835fbff2cd2e8dc0baf1ac13343bef92ab7eed84548"

[[package]]
name = "region"
version = "2.2.0"
source = "registry+https://github.com/rust-lang/crates.io-index"
checksum = "877e54ea2adcd70d80e9179344c97f93ef0dffd6b03e1f4529e6e83ab2fa9ae0"
dependencies = [
 "bitflags",
 "libc",
 "mach",
 "winapi",
]

[[package]]
name = "remove_dir_all"
version = "0.5.3"
source = "registry+https://github.com/rust-lang/crates.io-index"
checksum = "3acd125665422973a33ac9d3dd2df85edad0f4ae9b00dafb1a05e43a9f5ef8e7"
dependencies = [
 "winapi",
]

[[package]]
name = "rls-data"
version = "0.19.1"
source = "registry+https://github.com/rust-lang/crates.io-index"
checksum = "a58135eb039f3a3279a33779192f0ee78b56f57ae636e25cec83530e41debb99"
dependencies = [
 "rls-span",
 "serde",
]

[[package]]
name = "rls-span"
version = "0.5.3"
source = "registry+https://github.com/rust-lang/crates.io-index"
checksum = "f0eea58478fc06e15f71b03236612173a1b81e9770314edecfa664375e3e4c86"
dependencies = [
 "serde",
]

[[package]]
name = "rustc-demangle"
version = "0.1.18"
source = "registry+https://github.com/rust-lang/crates.io-index"
checksum = "6e3bad0ee36814ca07d7968269dd4b7ec89ec2da10c4bb613928d3077083c232"

[[package]]
name = "rustc-hash"
version = "1.1.0"
source = "registry+https://github.com/rust-lang/crates.io-index"
checksum = "08d43f7aa6b08d49f382cde6a7982047c3426db949b1424bc4b7ec9ae12c6ce2"

[[package]]
name = "rustc-rayon"
version = "0.3.1"
source = "registry+https://github.com/rust-lang/crates.io-index"
checksum = "ed7d6a39f8bfd4421ce720918234d1e672b83824c91345b47c93746839cf1629"
dependencies = [
 "crossbeam-deque",
 "either",
 "rustc-rayon-core",
]

[[package]]
name = "rustc-rayon-core"
version = "0.3.1"
source = "registry+https://github.com/rust-lang/crates.io-index"
checksum = "e94187d9ea3e8c38fafdbc38acb94eafa7ce155867f6ccb13830466a0d0db8c6"
dependencies = [
 "crossbeam-deque",
 "crossbeam-queue",
 "crossbeam-utils",
 "lazy_static",
 "num_cpus",
]

[[package]]
name = "rustc_apfloat"
version = "0.0.0"
dependencies = [
 "bitflags",
 "smallvec",
]

[[package]]
name = "rustc_arena"
version = "0.0.0"
dependencies = [
 "rustc_data_structures",
 "smallvec",
]

[[package]]
name = "rustc_ast"
version = "0.0.0"
dependencies = [
 "bitflags",
 "rustc_data_structures",
 "rustc_index",
 "rustc_lexer",
 "rustc_macros",
 "rustc_serialize",
 "rustc_span",
 "smallvec",
 "tracing",
]

[[package]]
name = "rustc_ast_lowering"
version = "0.0.0"
dependencies = [
 "rustc_arena",
 "rustc_ast",
 "rustc_ast_pretty",
 "rustc_data_structures",
 "rustc_errors",
 "rustc_hir",
 "rustc_index",
 "rustc_session",
 "rustc_span",
 "rustc_target",
 "smallvec",
 "tracing",
]

[[package]]
name = "rustc_ast_passes"
version = "0.0.0"
dependencies = [
 "itertools",
 "rustc_ast",
 "rustc_ast_pretty",
 "rustc_attr",
 "rustc_data_structures",
 "rustc_errors",
 "rustc_feature",
 "rustc_parse",
 "rustc_session",
 "rustc_span",
 "tracing",
]

[[package]]
name = "rustc_ast_pretty"
version = "0.0.0"
dependencies = [
 "rustc_ast",
 "rustc_span",
 "tracing",
]

[[package]]
name = "rustc_attr"
version = "0.0.0"
dependencies = [
 "rustc_ast",
 "rustc_ast_pretty",
 "rustc_data_structures",
 "rustc_errors",
 "rustc_feature",
 "rustc_lexer",
 "rustc_macros",
 "rustc_serialize",
 "rustc_session",
 "rustc_span",
]

[[package]]
name = "rustc_builtin_macros"
version = "0.0.0"
dependencies = [
 "rustc_ast",
 "rustc_ast_pretty",
 "rustc_attr",
 "rustc_data_structures",
 "rustc_errors",
 "rustc_expand",
 "rustc_feature",
 "rustc_lexer",
 "rustc_parse",
 "rustc_parse_format",
 "rustc_session",
 "rustc_span",
 "rustc_target",
 "smallvec",
 "tracing",
]

[[package]]
name = "rustc_codegen_cranelift"
version = "0.1.0"
dependencies = [
 "ar",
 "cranelift-codegen",
 "cranelift-frontend",
 "cranelift-jit",
 "cranelift-module",
 "cranelift-object",
 "gimli",
 "indexmap",
 "libloading",
 "object",
 "rustc_ast",
 "rustc_codegen_ssa",
 "rustc_data_structures",
 "rustc_driver",
 "rustc_errors",
 "rustc_fs_util",
 "rustc_hir",
 "rustc_incremental",
 "rustc_index",
 "rustc_interface",
 "rustc_middle",
 "rustc_session",
 "rustc_span",
 "rustc_target",
 "smallvec",
 "snap",
 "target-lexicon",
]

[[package]]
name = "rustc_codegen_ssa"
version = "0.0.0"
dependencies = [
 "bitflags",
 "cc",
 "itertools",
 "jobserver",
 "libc",
 "pathdiff",
 "rustc_apfloat",
 "rustc_ast",
 "rustc_attr",
 "rustc_data_structures",
 "rustc_errors",
 "rustc_fs_util",
 "rustc_hir",
 "rustc_incremental",
 "rustc_index",
 "rustc_macros",
 "rustc_middle",
 "rustc_serialize",
 "rustc_session",
 "rustc_span",
 "rustc_symbol_mangling",
 "rustc_target",
 "tempfile",
 "tracing",
]

[[package]]
name = "rustc_data_structures"
version = "0.0.0"
dependencies = [
 "arrayvec",
 "bitflags",
 "cfg-if 0.1.10",
 "crossbeam-utils",
 "ena",
 "indexmap",
 "jobserver",
 "libc",
 "measureme",
 "memmap2",
 "parking_lot",
 "rustc-hash",
 "rustc-rayon",
 "rustc-rayon-core",
 "rustc_graphviz",
 "rustc_index",
 "rustc_macros",
 "rustc_serialize",
 "smallvec",
 "stable_deref_trait",
 "stacker",
 "tempfile",
 "tracing",
 "winapi",
]

[[package]]
name = "rustc_driver"
version = "0.0.0"
dependencies = [
 "atty",
 "libc",
 "rustc_ast",
 "rustc_ast_pretty",
 "rustc_codegen_ssa",
 "rustc_data_structures",
 "rustc_error_codes",
 "rustc_errors",
 "rustc_feature",
 "rustc_hir",
 "rustc_hir_pretty",
 "rustc_interface",
 "rustc_lint",
 "rustc_metadata",
 "rustc_middle",
 "rustc_mir",
 "rustc_mir_build",
 "rustc_parse",
 "rustc_plugin_impl",
 "rustc_save_analysis",
 "rustc_serialize",
 "rustc_session",
 "rustc_span",
 "rustc_target",
 "rustc_typeck",
 "tracing",
 "tracing-subscriber",
 "tracing-tree",
 "winapi",
]

[[package]]
name = "rustc_error_codes"
version = "0.0.0"

[[package]]
name = "rustc_errors"
version = "0.0.0"
dependencies = [
 "annotate-snippets",
 "atty",
 "rustc_data_structures",
 "rustc_lint_defs",
 "rustc_macros",
 "rustc_serialize",
 "rustc_span",
 "termcolor",
 "termize",
 "tracing",
 "unicode-width",
 "winapi",
]

[[package]]
name = "rustc_expand"
version = "0.0.0"
dependencies = [
 "rustc_ast",
 "rustc_ast_passes",
 "rustc_ast_pretty",
 "rustc_attr",
 "rustc_data_structures",
 "rustc_errors",
 "rustc_feature",
 "rustc_lexer",
 "rustc_lint_defs",
 "rustc_macros",
 "rustc_parse",
 "rustc_serialize",
 "rustc_session",
 "rustc_span",
 "smallvec",
 "tracing",
]

[[package]]
name = "rustc_feature"
version = "0.0.0"
dependencies = [
 "rustc_data_structures",
 "rustc_span",
]

[[package]]
name = "rustc_fs_util"
version = "0.0.0"

[[package]]
name = "rustc_graphviz"
version = "0.0.0"

[[package]]
name = "rustc_hir"
version = "0.0.0"
dependencies = [
 "rustc_ast",
 "rustc_data_structures",
 "rustc_feature",
 "rustc_index",
 "rustc_macros",
 "rustc_serialize",
 "rustc_span",
 "rustc_target",
 "smallvec",
 "tracing",
]

[[package]]
name = "rustc_hir_pretty"
version = "0.0.0"
dependencies = [
 "rustc_ast",
 "rustc_ast_pretty",
 "rustc_hir",
 "rustc_span",
 "rustc_target",
]

[[package]]
name = "rustc_incremental"
version = "0.0.0"
dependencies = [
 "rand",
 "rustc_ast",
 "rustc_data_structures",
 "rustc_fs_util",
 "rustc_graphviz",
 "rustc_hir",
 "rustc_macros",
 "rustc_middle",
 "rustc_serialize",
 "rustc_session",
 "rustc_span",
 "tracing",
]

[[package]]
name = "rustc_index"
version = "0.0.0"
dependencies = [
 "arrayvec",
 "rustc_macros",
 "rustc_serialize",
]

[[package]]
name = "rustc_infer"
version = "0.0.0"
dependencies = [
 "rustc_ast",
 "rustc_data_structures",
 "rustc_errors",
 "rustc_graphviz",
 "rustc_hir",
 "rustc_index",
 "rustc_macros",
 "rustc_middle",
 "rustc_serialize",
 "rustc_session",
 "rustc_span",
 "rustc_target",
 "smallvec",
 "tracing",
]

[[package]]
name = "rustc_interface"
version = "0.0.0"
dependencies = [
 "libc",
 "rustc-rayon",
 "rustc-rayon-core",
 "rustc_ast",
 "rustc_ast_lowering",
 "rustc_ast_passes",
 "rustc_attr",
 "rustc_builtin_macros",
 "rustc_codegen_ssa",
 "rustc_data_structures",
 "rustc_errors",
 "rustc_expand",
 "rustc_hir",
 "rustc_incremental",
 "rustc_index",
 "rustc_lint",
 "rustc_metadata",
 "rustc_middle",
 "rustc_mir",
 "rustc_mir_build",
 "rustc_parse",
 "rustc_passes",
 "rustc_plugin_impl",
 "rustc_privacy",
 "rustc_query_impl",
 "rustc_resolve",
 "rustc_serialize",
 "rustc_session",
 "rustc_span",
 "rustc_symbol_mangling",
 "rustc_trait_selection",
 "rustc_traits",
 "rustc_ty_utils",
 "rustc_typeck",
 "smallvec",
 "tempfile",
 "tracing",
 "winapi",
]

[[package]]
name = "rustc_lexer"
version = "0.1.0"
dependencies = [
 "unicode-xid",
]

[[package]]
name = "rustc_lint"
version = "0.0.0"
dependencies = [
 "rustc_ast",
 "rustc_ast_pretty",
 "rustc_attr",
 "rustc_data_structures",
 "rustc_errors",
 "rustc_feature",
 "rustc_hir",
 "rustc_index",
 "rustc_middle",
 "rustc_parse_format",
 "rustc_serialize",
 "rustc_session",
 "rustc_span",
 "rustc_target",
 "rustc_trait_selection",
 "tracing",
 "unicode-security",
]

[[package]]
name = "rustc_lint_defs"
version = "0.0.0"
dependencies = [
 "rustc_ast",
 "rustc_data_structures",
 "rustc_macros",
 "rustc_serialize",
 "rustc_span",
 "rustc_target",
 "tracing",
]

[[package]]
name = "rustc_macros"
version = "0.1.0"
dependencies = [
 "proc-macro2",
 "quote",
 "syn",
 "synstructure",
]

[[package]]
name = "rustc_metadata"
version = "0.0.0"
dependencies = [
 "libc",
 "rustc_ast",
 "rustc_attr",
 "rustc_data_structures",
 "rustc_errors",
 "rustc_expand",
 "rustc_feature",
 "rustc_hir",
 "rustc_hir_pretty",
 "rustc_index",
 "rustc_macros",
 "rustc_middle",
 "rustc_serialize",
 "rustc_session",
 "rustc_span",
 "rustc_target",
 "smallvec",
 "snap",
 "stable_deref_trait",
 "tracing",
 "winapi",
]

[[package]]
name = "rustc_middle"
version = "0.0.0"
dependencies = [
 "bitflags",
 "chalk-ir",
 "measureme",
 "polonius-engine",
 "rustc-rayon-core",
 "rustc_apfloat",
 "rustc_arena",
 "rustc_ast",
 "rustc_attr",
 "rustc_data_structures",
 "rustc_errors",
 "rustc_feature",
 "rustc_hir",
 "rustc_index",
 "rustc_macros",
 "rustc_query_system",
 "rustc_serialize",
 "rustc_session",
 "rustc_span",
 "rustc_target",
 "rustc_type_ir",
 "smallvec",
 "tracing",
]

[[package]]
name = "rustc_mir"
version = "0.0.0"
dependencies = [
 "either",
 "gsgdt",
 "itertools",
 "polonius-engine",
 "regex",
 "rustc_apfloat",
 "rustc_ast",
 "rustc_attr",
 "rustc_data_structures",
 "rustc_errors",
 "rustc_graphviz",
 "rustc_hir",
 "rustc_index",
 "rustc_infer",
 "rustc_lexer",
 "rustc_macros",
 "rustc_middle",
 "rustc_serialize",
 "rustc_session",
 "rustc_span",
 "rustc_target",
 "rustc_trait_selection",
 "smallvec",
 "tracing",
]

[[package]]
name = "rustc_mir_build"
version = "0.0.0"
dependencies = [
 "rustc_apfloat",
 "rustc_arena",
 "rustc_ast",
 "rustc_attr",
 "rustc_data_structures",
 "rustc_errors",
 "rustc_hir",
 "rustc_index",
 "rustc_infer",
 "rustc_middle",
 "rustc_serialize",
 "rustc_session",
 "rustc_span",
 "rustc_target",
 "rustc_trait_selection",
 "smallvec",
 "tracing",
]

[[package]]
name = "rustc_parse"
version = "0.0.0"
dependencies = [
 "bitflags",
 "rustc_ast",
 "rustc_ast_pretty",
 "rustc_data_structures",
 "rustc_errors",
 "rustc_feature",
 "rustc_lexer",
 "rustc_session",
 "rustc_span",
 "smallvec",
 "tracing",
 "unicode-normalization",
]

[[package]]
name = "rustc_parse_format"
version = "0.0.0"
dependencies = [
 "rustc_lexer",
 "rustc_span",
]

[[package]]
name = "rustc_passes"
version = "0.0.0"
dependencies = [
 "rustc_ast",
 "rustc_ast_pretty",
 "rustc_attr",
 "rustc_data_structures",
 "rustc_errors",
 "rustc_hir",
 "rustc_index",
 "rustc_lexer",
 "rustc_middle",
 "rustc_serialize",
 "rustc_session",
 "rustc_span",
 "rustc_target",
 "rustc_trait_selection",
 "tracing",
]

[[package]]
name = "rustc_plugin_impl"
version = "0.0.0"
dependencies = [
 "rustc_ast",
 "rustc_errors",
 "rustc_hir",
 "rustc_lint",
 "rustc_metadata",
 "rustc_middle",
 "rustc_session",
 "rustc_span",
]

[[package]]
name = "rustc_privacy"
version = "0.0.0"
dependencies = [
 "rustc_attr",
 "rustc_data_structures",
 "rustc_errors",
 "rustc_hir",
 "rustc_middle",
 "rustc_session",
 "rustc_span",
 "rustc_trait_selection",
 "rustc_typeck",
 "tracing",
]

[[package]]
name = "rustc_query_impl"
version = "0.0.0"
dependencies = [
 "measureme",
 "rustc-rayon-core",
 "rustc_ast",
 "rustc_attr",
 "rustc_data_structures",
 "rustc_errors",
 "rustc_feature",
 "rustc_hir",
 "rustc_index",
 "rustc_macros",
 "rustc_middle",
 "rustc_query_system",
 "rustc_serialize",
 "rustc_session",
 "rustc_span",
 "rustc_target",
 "tracing",
]

[[package]]
name = "rustc_query_system"
version = "0.0.0"
dependencies = [
 "parking_lot",
 "rustc-rayon-core",
 "rustc_arena",
 "rustc_data_structures",
 "rustc_errors",
 "rustc_index",
 "rustc_macros",
 "rustc_serialize",
 "rustc_session",
 "rustc_span",
 "smallvec",
 "tracing",
]

[[package]]
name = "rustc_resolve"
version = "0.0.0"
dependencies = [
 "bitflags",
 "rustc_arena",
 "rustc_ast",
 "rustc_ast_lowering",
 "rustc_ast_pretty",
 "rustc_attr",
 "rustc_data_structures",
 "rustc_errors",
 "rustc_expand",
 "rustc_feature",
 "rustc_hir",
 "rustc_index",
 "rustc_metadata",
 "rustc_middle",
 "rustc_session",
 "rustc_span",
 "smallvec",
 "tracing",
]

[[package]]
name = "rustc_save_analysis"
version = "0.0.0"
dependencies = [
 "rls-data",
 "rls-span",
 "rustc_ast",
 "rustc_ast_pretty",
 "rustc_data_structures",
 "rustc_hir",
 "rustc_hir_pretty",
 "rustc_lexer",
 "rustc_middle",
 "rustc_session",
 "rustc_span",
 "serde_json",
 "tracing",
]

[[package]]
name = "rustc_serialize"
version = "0.0.0"
dependencies = [
 "indexmap",
 "smallvec",
]

[[package]]
name = "rustc_session"
version = "0.0.0"
dependencies = [
 "bitflags",
 "getopts",
 "num_cpus",
 "rustc_ast",
 "rustc_data_structures",
 "rustc_errors",
 "rustc_feature",
 "rustc_fs_util",
 "rustc_lint_defs",
 "rustc_macros",
 "rustc_serialize",
 "rustc_span",
 "rustc_target",
 "tracing",
]

[[package]]
name = "rustc_span"
version = "0.0.0"
dependencies = [
 "cfg-if 0.1.10",
 "md-5",
 "rustc_arena",
 "rustc_data_structures",
 "rustc_index",
 "rustc_macros",
 "rustc_serialize",
 "scoped-tls",
 "sha-1",
 "sha2",
 "tracing",
 "unicode-width",
]

[[package]]
name = "rustc_symbol_mangling"
version = "0.0.0"
dependencies = [
 "punycode",
 "rustc-demangle",
 "rustc_ast",
 "rustc_data_structures",
 "rustc_hir",
 "rustc_middle",
 "rustc_session",
 "rustc_span",
 "rustc_target",
 "tracing",
]

[[package]]
name = "rustc_target"
version = "0.0.0"
dependencies = [
 "bitflags",
 "rustc_data_structures",
 "rustc_index",
 "rustc_macros",
 "rustc_serialize",
 "rustc_span",
 "tracing",
]

[[package]]
name = "rustc_trait_selection"
version = "0.0.0"
dependencies = [
 "rustc_ast",
 "rustc_attr",
 "rustc_data_structures",
 "rustc_errors",
 "rustc_hir",
 "rustc_index",
 "rustc_infer",
 "rustc_macros",
 "rustc_middle",
 "rustc_parse_format",
 "rustc_session",
 "rustc_span",
 "rustc_target",
 "smallvec",
 "tracing",
]

[[package]]
name = "rustc_traits"
version = "0.0.0"
dependencies = [
 "chalk-engine",
 "chalk-ir",
 "chalk-solve",
 "rustc_ast",
 "rustc_attr",
 "rustc_data_structures",
 "rustc_hir",
 "rustc_index",
 "rustc_infer",
 "rustc_middle",
 "rustc_span",
 "rustc_trait_selection",
 "smallvec",
 "tracing",
]

[[package]]
name = "rustc_ty_utils"
version = "0.0.0"
dependencies = [
 "rustc_data_structures",
 "rustc_errors",
 "rustc_hir",
 "rustc_infer",
 "rustc_middle",
 "rustc_session",
 "rustc_span",
 "rustc_target",
 "rustc_trait_selection",
 "tracing",
]

[[package]]
name = "rustc_type_ir"
version = "0.0.0"
dependencies = [
 "bitflags",
 "rustc_data_structures",
 "rustc_index",
 "rustc_macros",
 "rustc_serialize",
]

[[package]]
name = "rustc_typeck"
version = "0.0.0"
dependencies = [
 "rustc_arena",
 "rustc_ast",
 "rustc_attr",
 "rustc_data_structures",
 "rustc_errors",
 "rustc_hir",
 "rustc_hir_pretty",
 "rustc_index",
 "rustc_infer",
 "rustc_macros",
 "rustc_middle",
 "rustc_session",
 "rustc_span",
 "rustc_target",
 "rustc_trait_selection",
 "smallvec",
 "tracing",
]

[[package]]
name = "ryu"
version = "1.0.5"
source = "registry+https://github.com/rust-lang/crates.io-index"
checksum = "71d301d4193d031abdd79ff7e3dd721168a9572ef3fe51a1517aba235bd8f86e"

[[package]]
name = "scoped-tls"
version = "1.0.0"
source = "registry+https://github.com/rust-lang/crates.io-index"
checksum = "ea6a9290e3c9cf0f18145ef7ffa62d68ee0bf5fcd651017e586dc7fd5da448c2"

[[package]]
name = "scopeguard"
version = "1.1.0"
source = "registry+https://github.com/rust-lang/crates.io-index"
checksum = "d29ab0c6d3fc0ee92fe66e2d99f700eab17a8d57d1c1d3b748380fb20baa78cd"

[[package]]
name = "serde"
version = "1.0.125"
source = "registry+https://github.com/rust-lang/crates.io-index"
checksum = "558dc50e1a5a5fa7112ca2ce4effcb321b0300c0d4ccf0776a9f60cd89031171"
dependencies = [
 "serde_derive",
]

[[package]]
name = "serde_derive"
version = "1.0.125"
source = "registry+https://github.com/rust-lang/crates.io-index"
checksum = "b093b7a2bb58203b5da3056c05b4ec1fed827dcfdb37347a8841695263b3d06d"
dependencies = [
 "proc-macro2",
 "quote",
 "syn",
]

[[package]]
name = "serde_json"
version = "1.0.64"
source = "registry+https://github.com/rust-lang/crates.io-index"
checksum = "799e97dc9fdae36a5c8b8f2cae9ce2ee9fdce2058c57a93e6099d919fd982f79"
dependencies = [
 "itoa",
 "ryu",
 "serde",
]

[[package]]
name = "sha-1"
version = "0.9.4"
source = "registry+https://github.com/rust-lang/crates.io-index"
checksum = "dfebf75d25bd900fd1e7d11501efab59bc846dbc76196839663e6637bba9f25f"
dependencies = [
 "block-buffer",
 "cfg-if 1.0.0",
 "cpuid-bool",
 "digest",
 "opaque-debug",
]

[[package]]
name = "sha2"
version = "0.9.3"
source = "registry+https://github.com/rust-lang/crates.io-index"
checksum = "fa827a14b29ab7f44778d14a88d3cb76e949c45083f7dbfa507d0cb699dc12de"
dependencies = [
 "block-buffer",
 "cfg-if 1.0.0",
 "cpuid-bool",
 "digest",
 "opaque-debug",
]

[[package]]
name = "sharded-slab"
version = "0.1.1"
source = "registry+https://github.com/rust-lang/crates.io-index"
checksum = "79c719719ee05df97490f80a45acfc99e5a30ce98a1e4fb67aee422745ae14e3"
dependencies = [
 "lazy_static",
]

[[package]]
name = "smallvec"
version = "1.6.1"
source = "registry+https://github.com/rust-lang/crates.io-index"
checksum = "fe0f37c9e8f3c5a4a66ad655a93c74daac4ad00c441533bf5c6e7990bb42604e"

[[package]]
name = "snap"
version = "1.0.4"
source = "registry+https://github.com/rust-lang/crates.io-index"
checksum = "dc725476a1398f0480d56cd0ad381f6f32acf2642704456f8f59a35df464b59a"

[[package]]
name = "stable_deref_trait"
version = "1.2.0"
source = "registry+https://github.com/rust-lang/crates.io-index"
checksum = "a8f112729512f8e442d81f95a8a7ddf2b7c6b8a1a6f509a95864142b30cab2d3"

[[package]]
name = "stacker"
version = "0.1.13"
source = "registry+https://github.com/rust-lang/crates.io-index"
checksum = "c3f47e840d001df3b785fbc3b84c7228519bdf63d4fb61b9e9f50f7fa153ce10"
dependencies = [
 "cc",
 "cfg-if 1.0.0",
 "libc",
 "psm",
 "winapi",
]

[[package]]
name = "syn"
version = "1.0.60"
source = "registry+https://github.com/rust-lang/crates.io-index"
checksum = "c700597eca8a5a762beb35753ef6b94df201c81cca676604f547495a0d7f0081"
dependencies = [
 "proc-macro2",
 "quote",
 "unicode-xid",
]

[[package]]
name = "synstructure"
version = "0.12.4"
source = "registry+https://github.com/rust-lang/crates.io-index"
checksum = "b834f2d66f734cb897113e34aaff2f1ab4719ca946f9a7358dba8f8064148701"
dependencies = [
 "proc-macro2",
 "quote",
 "syn",
 "unicode-xid",
]

[[package]]
name = "target-lexicon"
version = "0.11.2"
source = "registry+https://github.com/rust-lang/crates.io-index"
checksum = "422045212ea98508ae3d28025bc5aaa2bd4a9cdaecd442a08da2ee620ee9ea95"

[[package]]
name = "tempfile"
version = "3.1.0"
dependencies = [
 "cfg-if 0.1.10",
 "libc",
 "rand",
 "redox_syscall 0.1.57",
 "remove_dir_all",
 "winapi",
]

[[package]]
name = "termcolor"
version = "1.1.2"
source = "registry+https://github.com/rust-lang/crates.io-index"
checksum = "2dfed899f0eb03f32ee8c6a0aabdb8a7949659e3466561fc0adf54e26d88c5f4"
dependencies = [
 "winapi-util",
]

[[package]]
name = "termize"
version = "0.1.1"
source = "registry+https://github.com/rust-lang/crates.io-index"
checksum = "1706be6b564323ce7092f5f7e6b118a14c8ef7ed0e69c8c5329c914a9f101295"
dependencies = [
 "libc",
 "winapi",
]

[[package]]
name = "thiserror"
version = "1.0.24"
source = "registry+https://github.com/rust-lang/crates.io-index"
checksum = "e0f4a65597094d4483ddaed134f409b2cb7c1beccf25201a9f73c719254fa98e"
dependencies = [
 "thiserror-impl",
]

[[package]]
name = "thiserror-impl"
version = "1.0.24"
source = "registry+https://github.com/rust-lang/crates.io-index"
checksum = "7765189610d8241a44529806d6fd1f2e0a08734313a35d5b3a556f92b381f3c0"
dependencies = [
 "proc-macro2",
 "quote",
 "syn",
]

[[package]]
name = "thread_local"
version = "1.1.3"
source = "registry+https://github.com/rust-lang/crates.io-index"
checksum = "8018d24e04c95ac8790716a5987d0fec4f8b27249ffa0f7d33f1369bdfb88cbd"
dependencies = [
 "once_cell",
]

[[package]]
name = "tinyvec"
version = "1.1.1"
source = "registry+https://github.com/rust-lang/crates.io-index"
checksum = "317cca572a0e89c3ce0ca1f1bdc9369547fe318a683418e42ac8f59d14701023"
dependencies = [
 "tinyvec_macros",
]

[[package]]
name = "tinyvec_macros"
version = "0.1.0"
source = "registry+https://github.com/rust-lang/crates.io-index"
checksum = "cda74da7e1a664f795bb1f8a87ec406fb89a02522cf6e50620d016add6dbbf5c"

[[package]]
name = "tracing"
version = "0.1.25"
source = "registry+https://github.com/rust-lang/crates.io-index"
checksum = "01ebdc2bb4498ab1ab5f5b73c5803825e60199229ccba0698170e3be0e7f959f"
dependencies = [
 "cfg-if 1.0.0",
 "pin-project-lite",
 "tracing-attributes",
 "tracing-core",
]

[[package]]
name = "tracing-attributes"
version = "0.1.15"
source = "registry+https://github.com/rust-lang/crates.io-index"
checksum = "c42e6fa53307c8a17e4ccd4dc81cf5ec38db9209f59b222210375b54ee40d1e2"
dependencies = [
 "proc-macro2",
 "quote",
 "syn",
]

[[package]]
name = "tracing-core"
version = "0.1.17"
source = "registry+https://github.com/rust-lang/crates.io-index"
checksum = "f50de3927f93d202783f4513cda820ab47ef17f624b03c096e86ef00c67e6b5f"
dependencies = [
 "lazy_static",
]

[[package]]
name = "tracing-log"
version = "0.1.2"
source = "registry+https://github.com/rust-lang/crates.io-index"
checksum = "a6923477a48e41c1951f1999ef8bb5a3023eb723ceadafe78ffb65dc366761e3"
dependencies = [
 "lazy_static",
 "log",
 "tracing-core",
]

[[package]]
name = "tracing-serde"
version = "0.1.2"
source = "registry+https://github.com/rust-lang/crates.io-index"
checksum = "fb65ea441fbb84f9f6748fd496cf7f63ec9af5bca94dd86456978d055e8eb28b"
dependencies = [
 "serde",
 "tracing-core",
]

[[package]]
name = "tracing-subscriber"
version = "0.2.17"
source = "registry+https://github.com/rust-lang/crates.io-index"
checksum = "705096c6f83bf68ea5d357a6aa01829ddbdac531b357b45abeca842938085baa"
dependencies = [
 "ansi_term",
 "chrono",
 "lazy_static",
 "matchers",
 "parking_lot",
 "regex",
 "serde",
 "serde_json",
 "sharded-slab",
 "smallvec",
 "thread_local",
 "tracing",
 "tracing-core",
 "tracing-log",
 "tracing-serde",
]

[[package]]
name = "tracing-tree"
version = "0.1.9"
source = "registry+https://github.com/rust-lang/crates.io-index"
checksum = "1712b40907f8d9bc2bc66763ab61dec914b7123d7149e59feb0d4e2a95fc4967"
dependencies = [
 "ansi_term",
 "atty",
 "termcolor",
 "tracing",
 "tracing-log",
 "tracing-subscriber",
]

[[package]]
name = "typenum"
version = "1.13.0"
source = "registry+https://github.com/rust-lang/crates.io-index"
checksum = "879f6906492a7cd215bfa4cf595b600146ccfac0c79bcbd1f3000162af5e8b06"

[[package]]
name = "unicode-normalization"
version = "0.1.17"
source = "registry+https://github.com/rust-lang/crates.io-index"
checksum = "07fbfce1c8a97d547e8b5334978438d9d6ec8c20e38f56d4a4374d181493eaef"
dependencies = [
 "tinyvec",
]

[[package]]
name = "unicode-script"
version = "0.5.2"
source = "registry+https://github.com/rust-lang/crates.io-index"
checksum = "79bf4d5fc96546fdb73f9827097810bbda93b11a6770ff3a54e1f445d4135787"

[[package]]
name = "unicode-security"
version = "0.0.5"
source = "registry+https://github.com/rust-lang/crates.io-index"
checksum = "5d87c28edc5b263377e448d6cdcb935c06b95413d8013ba6fae470558ccab18f"
dependencies = [
 "unicode-normalization",
 "unicode-script",
]

[[package]]
name = "unicode-width"
version = "0.1.8"
source = "registry+https://github.com/rust-lang/crates.io-index"
checksum = "9337591893a19b88d8d87f2cec1e73fad5cdfd10e5a6f349f498ad6ea2ffb1e3"

[[package]]
name = "unicode-xid"
version = "0.2.1"
source = "registry+https://github.com/rust-lang/crates.io-index"
checksum = "f7fe0bb3479651439c9112f72b6c505038574c9fbb575ed1bf3b797fa39dd564"

[[package]]
name = "version_check"
version = "0.9.3"
source = "registry+https://github.com/rust-lang/crates.io-index"
checksum = "5fecdca9a5291cc2b8dcf7dc02453fee791a280f3743cb0905f8822ae463b3fe"

[[package]]
name = "wasi"
version = "0.9.0+wasi-snapshot-preview1"
source = "registry+https://github.com/rust-lang/crates.io-index"
checksum = "cccddf32554fecc6acb585f82a32a72e28b48f8c4c1883ddfeeeaa96f7d8e519"

[[package]]
name = "winapi"
version = "0.3.9"
source = "registry+https://github.com/rust-lang/crates.io-index"
checksum = "5c839a674fcd7a98952e593242ea400abe93992746761e38641405d28b00f419"
dependencies = [
 "winapi-i686-pc-windows-gnu",
 "winapi-x86_64-pc-windows-gnu",
]

[[package]]
name = "winapi-i686-pc-windows-gnu"
version = "0.4.0"
source = "registry+https://github.com/rust-lang/crates.io-index"
checksum = "ac3b87c63620426dd9b991e5ce0329eff545bccbbb34f3be09ff6fb6ab51b7b6"

[[package]]
name = "winapi-util"
version = "0.1.5"
source = "registry+https://github.com/rust-lang/crates.io-index"
checksum = "70ec6ce85bb158151cae5e5c87f95a8e97d2c0c4b001223f33a334e3ce5de178"
dependencies = [
 "winapi",
]

[[package]]
name = "winapi-x86_64-pc-windows-gnu"
version = "0.4.0"
source = "registry+https://github.com/rust-lang/crates.io-index"
checksum = "712e227841d057c1ee1cd2fb22fa7e5a5461ae8e48fa2ca79ec42cfc1931183f"
